{
  "originHash" : "c2dd3e1fade775743e95dc977dda6f5115716c780f34e6516316f37574ef23b0",
  "pins" : [
    {
      "identity" : "piqley-core",
      "kind" : "remoteSourceControl",
      "location" : "https://github.com/josephquigley/piqley-core",
      "state" : {
        "revision" : "546048d8f2d7e36f072fda0d8fa10ba26f119c6b",
        "version" : "0.19.0"
      }
    },
    {
      "identity" : "piqley-plugin-sdk",
      "kind" : "remoteSourceControl",
      "location" : "https://github.com/josephquigley/piqley-plugin-sdk",
      "state" : {
        "revision" : "b8f8f5c65e07cce696d6fd13bbddda72b4bf6582",
        "version" : "0.14.2"
      }
    },
    {
      "identity" : "swift-argument-parser",
      "kind" : "remoteSourceControl",
      "location" : "https://github.com/apple/swift-argument-parser.git",
      "state" : {
        "revision" : "626b5b7b2f45e1b0b1c6f4a309296d1d21d7311b",
        "version" : "1.7.1"
      }
    },
    {
      "identity" : "swift-log",
      "kind" : "remoteSourceControl",
      "location" : "https://github.com/apple/swift-log.git",
      "state" : {
        "revision" : "bbd81b6725ae874c69e9b8c8804d462356b55523",
        "version" : "1.10.1"
      }
    }
  ],
  "version" : 3
}
