{
  "originHash" : "8836c5c7e288c6d0835b5889979baffece8c56ff56067b1d5974919fbea6034f",
  "pins" : [
    {
      "identity" : "piqley-core",
      "kind" : "remoteSourceControl",
      "location" : "https://github.com/josephquigley/piqley-core",
      "state" : {
        "revision" : "347eb302a4702f031753d2cd76cbe17c3f06b1db",
        "version" : "0.7.2"
      }
    },
    {
      "identity" : "piqley-plugin-sdk",
      "kind" : "remoteSourceControl",
      "location" : "https://github.com/josephquigley/piqley-plugin-sdk.git",
      "state" : {
        "revision" : "2d67c572d3849146387b275be7d7492092a0da4b",
        "version" : "0.9.1"
      }
    },
    {
      "identity" : "swift-argument-parser",
      "kind" : "remoteSourceControl",
      "location" : "https://github.com/apple/swift-argument-parser.git",
      "state" : {
        "revision" : "626b5b7b2f45e1b0b1c6f4a309296d1d21d7311b",
        "version" : "1.7.1"
      }
    },
    {
      "identity" : "swift-log",
      "kind" : "remoteSourceControl",
      "location" : "https://github.com/apple/swift-log.git",
      "state" : {
        "revision" : "bbd81b6725ae874c69e9b8c8804d462356b55523",
        "version" : "1.10.1"
      }
    }
  ],
  "version" : 3
}
