{
  "originHash" : "a25bc966f66caf0dbfd546e7a33d64750c21cd86d18268174d5c7e1c9a604681",
  "pins" : [
    {
      "identity" : "piqley-core",
      "kind" : "remoteSourceControl",
      "location" : "https://github.com/josephquigley/piqley-core",
      "state" : {
        "revision" : "999372687ae88602b39cf8026fcffddf881d09bf",
        "version" : "0.21.0"
      }
    },
    {
      "identity" : "piqley-plugin-sdk",
      "kind" : "remoteSourceControl",
      "location" : "https://github.com/josephquigley/piqley-plugin-sdk",
      "state" : {
        "revision" : "d366757bf50bdd89e49008d8268057e5e964f544",
        "version" : "0.20.0"
      }
    },
    {
      "identity" : "swift-argument-parser",
      "kind" : "remoteSourceControl",
      "location" : "https://github.com/apple/swift-argument-parser.git",
      "state" : {
        "revision" : "626b5b7b2f45e1b0b1c6f4a309296d1d21d7311b",
        "version" : "1.7.1"
      }
    },
    {
      "identity" : "swift-log",
      "kind" : "remoteSourceControl",
      "location" : "https://github.com/apple/swift-log.git",
      "state" : {
        "revision" : "bbd81b6725ae874c69e9b8c8804d462356b55523",
        "version" : "1.10.1"
      }
    }
  ],
  "version" : 3
}
